// !$*UTF8*$!
{
	archiveVersion = 1;
	classes = {
	};
	objectVersion = 56;
	objects = {

/* Begin PBXBuildFile section */
		4397BFF52A8F8142006BEA27 /* ApiKey.plist in Resources */ = {isa = PBXBuildFile; fileRef = 4397BFF42A8F8142006BEA27 /* ApiKey.plist */; };
		4397BFFB2A8F97EF006BEA27 /* OpenAI in Frameworks */ = {isa = PBXBuildFile; productRef = 4397BFFA2A8F97EF006BEA27 /* OpenAI */; };
		43D2ACE52A893CC800648E1A /* TagTableViewCell.swift in Sources */ = {isa = PBXBuildFile; fileRef = 43D2ACE42A893CC800648E1A /* TagTableViewCell.swift */; };
		43D2ACE72A89451000648E1A /* DetailTagTableViewCell.swift in Sources */ = {isa = PBXBuildFile; fileRef = 43D2ACE62A89451000648E1A /* DetailTagTableViewCell.swift */; };
		8E29136D2A83900C00EE9BFB /* AppDelegate.swift in Sources */ = {isa = PBXBuildFile; fileRef = 8E29136C2A83900C00EE9BFB /* AppDelegate.swift */; };
		8E29136F2A83900C00EE9BFB /* SceneDelegate.swift in Sources */ = {isa = PBXBuildFile; fileRef = 8E29136E2A83900C00EE9BFB /* SceneDelegate.swift */; };
		8E2913712A83900C00EE9BFB /* TagsViewController.swift in Sources */ = {isa = PBXBuildFile; fileRef = 8E2913702A83900C00EE9BFB /* TagsViewController.swift */; };
		8E2913742A83900C00EE9BFB /* Main.storyboard in Resources */ = {isa = PBXBuildFile; fileRef = 8E2913722A83900C00EE9BFB /* Main.storyboard */; };
		8E2913762A83900F00EE9BFB /* Assets.xcassets in Resources */ = {isa = PBXBuildFile; fileRef = 8E2913752A83900F00EE9BFB /* Assets.xcassets */; };
		8E2913792A83900F00EE9BFB /* LaunchScreen.storyboard in Resources */ = {isa = PBXBuildFile; fileRef = 8E2913772A83900F00EE9BFB /* LaunchScreen.storyboard */; };
		8E3DBBBC2A86601D009030FC /* CustomTabBarController.swift in Sources */ = {isa = PBXBuildFile; fileRef = 8E3DBBBB2A86601D009030FC /* CustomTabBarController.swift */; };
		8E5A99242A84FF22000257B2 /* NewNoteViewController.swift in Sources */ = {isa = PBXBuildFile; fileRef = 8E5A99232A84FF22000257B2 /* NewNoteViewController.swift */; };
		8E5A99262A84FF42000257B2 /* NotesCollectionViewController.swift in Sources */ = {isa = PBXBuildFile; fileRef = 8E5A99252A84FF42000257B2 /* NotesCollectionViewController.swift */; };
		8E898F8A2A83996100EFB9D2 /* DataModel.swift in Sources */ = {isa = PBXBuildFile; fileRef = 8E898F892A83996100EFB9D2 /* DataModel.swift */; };
		8E9AAC3A2A83EFDA008B3A59 /* DetailTagViewController.swift in Sources */ = {isa = PBXBuildFile; fileRef = 8E9AAC392A83EFDA008B3A59 /* DetailTagViewController.swift */; };
		8EF338162A850EE70048111B /* SingleNoteViewController.swift in Sources */ = {isa = PBXBuildFile; fileRef = 8EF338152A850EE70048111B /* SingleNoteViewController.swift */; };
		8EFC43CF2A850410005AF8C7 /* NoteCollectionViewCell.swift in Sources */ = {isa = PBXBuildFile; fileRef = 8EFC43CE2A850410005AF8C7 /* NoteCollectionViewCell.swift */; };
/* End PBXBuildFile section */

/* Begin PBXFileReference section */
		4397BFF42A8F8142006BEA27 /* ApiKey.plist */ = {isa = PBXFileReference; lastKnownFileType = text.plist.xml; path = ApiKey.plist; sourceTree = "<group>"; };
		43D2ACE42A893CC800648E1A /* TagTableViewCell.swift */ = {isa = PBXFileReference; lastKnownFileType = sourcecode.swift; path = TagTableViewCell.swift; sourceTree = "<group>"; };
		43D2ACE62A89451000648E1A /* DetailTagTableViewCell.swift */ = {isa = PBXFileReference; lastKnownFileType = sourcecode.swift; path = DetailTagTableViewCell.swift; sourceTree = "<group>"; };
		8E2913692A83900C00EE9BFB /* SmartScribble.app */ = {isa = PBXFileReference; explicitFileType = wrapper.application; includeInIndex = 0; path = SmartScribble.app; sourceTree = BUILT_PRODUCTS_DIR; };
		8E29136C2A83900C00EE9BFB /* AppDelegate.swift */ = {isa = PBXFileReference; lastKnownFileType = sourcecode.swift; path = AppDelegate.swift; sourceTree = "<group>"; };
		8E29136E2A83900C00EE9BFB /* SceneDelegate.swift */ = {isa = PBXFileReference; lastKnownFileType = sourcecode.swift; path = SceneDelegate.swift; sourceTree = "<group>"; };
		8E2913702A83900C00EE9BFB /* TagsViewController.swift */ = {isa = PBXFileReference; lastKnownFileType = sourcecode.swift; path = TagsViewController.swift; sourceTree = "<group>"; };
		8E2913732A83900C00EE9BFB /* Base */ = {isa = PBXFileReference; lastKnownFileType = file.storyboard; name = Base; path = Base.lproj/Main.storyboard; sourceTree = "<group>"; };
		8E2913752A83900F00EE9BFB /* Assets.xcassets */ = {isa = PBXFileReference; lastKnownFileType = folder.assetcatalog; path = Assets.xcassets; sourceTree = "<group>"; };
		8E2913782A83900F00EE9BFB /* Base */ = {isa = PBXFileReference; lastKnownFileType = file.storyboard; name = Base; path = Base.lproj/LaunchScreen.storyboard; sourceTree = "<group>"; };
		8E29137A2A83900F00EE9BFB /* Info.plist */ = {isa = PBXFileReference; lastKnownFileType = text.plist.xml; path = Info.plist; sourceTree = "<group>"; };
		8E3DBBBB2A86601D009030FC /* CustomTabBarController.swift */ = {isa = PBXFileReference; fileEncoding = 4; lastKnownFileType = sourcecode.swift; path = CustomTabBarController.swift; sourceTree = "<group>"; };
		8E5A99232A84FF22000257B2 /* NewNoteViewController.swift */ = {isa = PBXFileReference; fileEncoding = 4; lastKnownFileType = sourcecode.swift; name = NewNoteViewController.swift; path = SmartScribble/ViewController/NewNoteViewController.swift; sourceTree = SOURCE_ROOT; };
		8E5A99252A84FF42000257B2 /* NotesCollectionViewController.swift */ = {isa = PBXFileReference; fileEncoding = 4; lastKnownFileType = sourcecode.swift; path = NotesCollectionViewController.swift; sourceTree = "<group>"; };
		8E898F892A83996100EFB9D2 /* DataModel.swift */ = {isa = PBXFileReference; fileEncoding = 4; lastKnownFileType = sourcecode.swift; path = DataModel.swift; sourceTree = "<group>"; };
		8E9AAC392A83EFDA008B3A59 /* DetailTagViewController.swift */ = {isa = PBXFileReference; fileEncoding = 4; lastKnownFileType = sourcecode.swift; path = DetailTagViewController.swift; sourceTree = "<group>"; };
		8EF338152A850EE70048111B /* SingleNoteViewController.swift */ = {isa = PBXFileReference; fileEncoding = 4; lastKnownFileType = sourcecode.swift; path = SingleNoteViewController.swift; sourceTree = "<group>"; };
		8EFC43CE2A850410005AF8C7 /* NoteCollectionViewCell.swift */ = {isa = PBXFileReference; fileEncoding = 4; lastKnownFileType = sourcecode.swift; path = NoteCollectionViewCell.swift; sourceTree = "<group>"; };
/* End PBXFileReference section */

/* Begin PBXFrameworksBuildPhase section */
		8E2913662A83900C00EE9BFB /* Frameworks */ = {
			isa = PBXFrameworksBuildPhase;
			buildActionMask = 2147483647;
			files = (
				4397BFFB2A8F97EF006BEA27 /* OpenAI in Frameworks */,
			);
			runOnlyForDeploymentPostprocessing = 0;
		};
/* End PBXFrameworksBuildPhase section */

/* Begin PBXGroup section */
		8E2913602A83900C00EE9BFB = {
			isa = PBXGroup;
			children = (
				8E29136B2A83900C00EE9BFB /* SmartScribble */,
				8E29136A2A83900C00EE9BFB /* Products */,
			);
			sourceTree = "<group>";
		};
		8E29136A2A83900C00EE9BFB /* Products */ = {
			isa = PBXGroup;
			children = (
				8E2913692A83900C00EE9BFB /* SmartScribble.app */,
			);
			name = Products;
			sourceTree = "<group>";
		};
		8E29136B2A83900C00EE9BFB /* SmartScribble */ = {
			isa = PBXGroup;
			children = (
				8E3DBBBD2A866025009030FC /* TabBarController */,
				8EF338192A861ED20048111B /* Cells */,
				8EF3381B2A861EEC0048111B /* Delegates */,
				8EF3381A2A861EDE0048111B /* Models */,
				8EF338182A861EB40048111B /* Screens */,
				8EFC43D02A850E72005AF8C7 /* ViewController */,
				8E2913752A83900F00EE9BFB /* Assets.xcassets */,
				8E29137A2A83900F00EE9BFB /* Info.plist */,
				4397BFF42A8F8142006BEA27 /* ApiKey.plist */,
			);
			path = SmartScribble;
			sourceTree = "<group>";
		};
		8E3DBBBD2A866025009030FC /* TabBarController */ = {
			isa = PBXGroup;
			children = (
				8E3DBBBB2A86601D009030FC /* CustomTabBarController.swift */,
			);
			path = TabBarController;
			sourceTree = "<group>";
		};
		8EF338182A861EB40048111B /* Screens */ = {
			isa = PBXGroup;
			children = (
				8E2913772A83900F00EE9BFB /* LaunchScreen.storyboard */,
				8E2913722A83900C00EE9BFB /* Main.storyboard */,
			);
			path = Screens;
			sourceTree = "<group>";
		};
		8EF338192A861ED20048111B /* Cells */ = {
			isa = PBXGroup;
			children = (
				43D2ACE62A89451000648E1A /* DetailTagTableViewCell.swift */,
				8EFC43CE2A850410005AF8C7 /* NoteCollectionViewCell.swift */,
				43D2ACE42A893CC800648E1A /* TagTableViewCell.swift */,
			);
			path = Cells;
			sourceTree = "<group>";
		};
		8EF3381A2A861EDE0048111B /* Models */ = {
			isa = PBXGroup;
			children = (
				8E898F892A83996100EFB9D2 /* DataModel.swift */,
			);
			path = Models;
			sourceTree = "<group>";
		};
		8EF3381B2A861EEC0048111B /* Delegates */ = {
			isa = PBXGroup;
			children = (
				8E29136C2A83900C00EE9BFB /* AppDelegate.swift */,
				8E29136E2A83900C00EE9BFB /* SceneDelegate.swift */,
			);
			path = Delegates;
			sourceTree = "<group>";
		};
		8EFC43D02A850E72005AF8C7 /* ViewController */ = {
			isa = PBXGroup;
			children = (
				8E2913702A83900C00EE9BFB /* TagsViewController.swift */,
				8E9AAC392A83EFDA008B3A59 /* DetailTagViewController.swift */,
				8E5A99232A84FF22000257B2 /* NewNoteViewController.swift */,
				8E5A99252A84FF42000257B2 /* NotesCollectionViewController.swift */,
				8EF338152A850EE70048111B /* SingleNoteViewController.swift */,
			);
			path = ViewController;
			sourceTree = "<group>";
		};
/* End PBXGroup section */

/* Begin PBXNativeTarget section */
		8E2913682A83900C00EE9BFB /* SmartScribble */ = {
			isa = PBXNativeTarget;
			buildConfigurationList = 8E29137D2A83900F00EE9BFB /* Build configuration list for PBXNativeTarget "SmartScribble" */;
			buildPhases = (
				8E2913652A83900C00EE9BFB /* Sources */,
				8E2913662A83900C00EE9BFB /* Frameworks */,
				8E2913672A83900C00EE9BFB /* Resources */,
			);
			buildRules = (
			);
			dependencies = (
			);
			name = SmartScribble;
			packageProductDependencies = (
				4397BFFA2A8F97EF006BEA27 /* OpenAI */,
			);
			productName = SmartScribble;
			productReference = 8E2913692A83900C00EE9BFB /* SmartScribble.app */;
			productType = "com.apple.product-type.application";
		};
/* End PBXNativeTarget section */

/* Begin PBXProject section */
		8E2913612A83900C00EE9BFB /* Project object */ = {
			isa = PBXProject;
			attributes = {
				BuildIndependentTargetsInParallel = 1;
				LastSwiftUpdateCheck = 1500;
				LastUpgradeCheck = 1500;
				TargetAttributes = {
					8E2913682A83900C00EE9BFB = {
						CreatedOnToolsVersion = 15.0;
					};
				};
			};
			buildConfigurationList = 8E2913642A83900C00EE9BFB /* Build configuration list for PBXProject "SmartScribble" */;
			compatibilityVersion = "Xcode 14.0";
			developmentRegion = en;
			hasScannedForEncodings = 0;
			knownRegions = (
				en,
				Base,
			);
			mainGroup = 8E2913602A83900C00EE9BFB;
			packageReferences = (
				4397BFF92A8F97EF006BEA27 /* XCRemoteSwiftPackageReference "OpenAI" */,
			);
			productRefGroup = 8E29136A2A83900C00EE9BFB /* Products */;
			projectDirPath = "";
			projectRoot = "";
			targets = (
				8E2913682A83900C00EE9BFB /* SmartScribble */,
			);
		};
/* End PBXProject section */

/* Begin PBXResourcesBuildPhase section */
		8E2913672A83900C00EE9BFB /* Resources */ = {
			isa = PBXResourcesBuildPhase;
			buildActionMask = 2147483647;
			files = (
				8E2913792A83900F00EE9BFB /* LaunchScreen.storyboard in Resources */,
				4397BFF52A8F8142006BEA27 /* ApiKey.plist in Resources */,
				8E2913762A83900F00EE9BFB /* Assets.xcassets in Resources */,
				8E2913742A83900C00EE9BFB /* Main.storyboard in Resources */,
			);
			runOnlyForDeploymentPostprocessing = 0;
		};
/* End PBXResourcesBuildPhase section */

/* Begin PBXSourcesBuildPhase section */
		8E2913652A83900C00EE9BFB /* Sources */ = {
			isa = PBXSourcesBuildPhase;
			buildActionMask = 2147483647;
			files = (
				8E5A99242A84FF22000257B2 /* NewNoteViewController.swift in Sources */,
				43D2ACE72A89451000648E1A /* DetailTagTableViewCell.swift in Sources */,
				8E898F8A2A83996100EFB9D2 /* DataModel.swift in Sources */,
				8E3DBBBC2A86601D009030FC /* CustomTabBarController.swift in Sources */,
				8E5A99262A84FF42000257B2 /* NotesCollectionViewController.swift in Sources */,
				8E2913712A83900C00EE9BFB /* TagsViewController.swift in Sources */,
				8EFC43CF2A850410005AF8C7 /* NoteCollectionViewCell.swift in Sources */,
				43D2ACE52A893CC800648E1A /* TagTableViewCell.swift in Sources */,
				8EF338162A850EE70048111B /* SingleNoteViewController.swift in Sources */,
				8E29136D2A83900C00EE9BFB /* AppDelegate.swift in Sources */,
				8E9AAC3A2A83EFDA008B3A59 /* DetailTagViewController.swift in Sources */,
				8E29136F2A83900C00EE9BFB /* SceneDelegate.swift in Sources */,
			);
			runOnlyForDeploymentPostprocessing = 0;
		};
/* End PBXSourcesBuildPhase section */

/* Begin PBXVariantGroup section */
		8E2913722A83900C00EE9BFB /* Main.storyboard */ = {
			isa = PBXVariantGroup;
			children = (
				8E2913732A83900C00EE9BFB /* Base */,
			);
			name = Main.storyboard;
			sourceTree = "<group>";
		};
		8E2913772A83900F00EE9BFB /* LaunchScreen.storyboard */ = {
			isa = PBXVariantGroup;
			children = (
				8E2913782A83900F00EE9BFB /* Base */,
			);
			name = LaunchScreen.storyboard;
			sourceTree = "<group>";
		};
/* End PBXVariantGroup section */

/* Begin XCBuildConfiguration section */
		8E29137B2A83900F00EE9BFB /* Debug */ = {
			isa = XCBuildConfiguration;
			buildSettings = {
				ALWAYS_SEARCH_USER_PATHS = NO;
				ASSETCATALOG_COMPILER_GENERATE_SWIFT_ASSET_SYMBOL_EXTENSIONS = YES;
				CLANG_ANALYZER_NONNULL = YES;
				CLANG_ANALYZER_NUMBER_OBJECT_CONVERSION = YES_AGGRESSIVE;
				CLANG_CXX_LANGUAGE_STANDARD = "gnu++20";
				CLANG_ENABLE_MODULES = YES;
				CLANG_ENABLE_OBJC_ARC = YES;
				CLANG_ENABLE_OBJC_WEAK = YES;
				CLANG_WARN_BLOCK_CAPTURE_AUTORELEASING = YES;
				CLANG_WARN_BOOL_CONVERSION = YES;
				CLANG_WARN_COMMA = YES;
				CLANG_WARN_CONSTANT_CONVERSION = YES;
				CLANG_WARN_DEPRECATED_OBJC_IMPLEMENTATIONS = YES;
				CLANG_WARN_DIRECT_OBJC_ISA_USAGE = YES_ERROR;
				CLANG_WARN_DOCUMENTATION_COMMENTS = YES;
				CLANG_WARN_EMPTY_BODY = YES;
				CLANG_WARN_ENUM_CONVERSION = YES;
				CLANG_WARN_INFINITE_RECURSION = YES;
				CLANG_WARN_INT_CONVERSION = YES;
				CLANG_WARN_NON_LITERAL_NULL_CONVERSION = YES;
				CLANG_WARN_OBJC_IMPLICIT_RETAIN_SELF = YES;
				CLANG_WARN_OBJC_LITERAL_CONVERSION = YES;
				CLANG_WARN_OBJC_ROOT_CLASS = YES_ERROR;
				CLANG_WARN_QUOTED_INCLUDE_IN_FRAMEWORK_HEADER = YES;
				CLANG_WARN_RANGE_LOOP_ANALYSIS = YES;
				CLANG_WARN_STRICT_PROTOTYPES = YES;
				CLANG_WARN_SUSPICIOUS_MOVE = YES;
				CLANG_WARN_UNGUARDED_AVAILABILITY = YES_AGGRESSIVE;
				CLANG_WARN_UNREACHABLE_CODE = YES;
				CLANG_WARN__DUPLICATE_METHOD_MATCH = YES;
				COPY_PHASE_STRIP = NO;
				DEBUG_INFORMATION_FORMAT = dwarf;
				ENABLE_STRICT_OBJC_MSGSEND = YES;
				ENABLE_TESTABILITY = YES;
				ENABLE_USER_SCRIPT_SANDBOXING = YES;
				GCC_C_LANGUAGE_STANDARD = gnu17;
				GCC_DYNAMIC_NO_PIC = NO;
				GCC_NO_COMMON_BLOCKS = YES;
				GCC_OPTIMIZATION_LEVEL = 0;
				GCC_PREPROCESSOR_DEFINITIONS = (
					"DEBUG=1",
					"$(inherited)",
				);
				GCC_WARN_64_TO_32_BIT_CONVERSION = YES;
				GCC_WARN_ABOUT_RETURN_TYPE = YES_ERROR;
				GCC_WARN_UNDECLARED_SELECTOR = YES;
				GCC_WARN_UNINITIALIZED_AUTOS = YES_AGGRESSIVE;
				GCC_WARN_UNUSED_FUNCTION = YES;
				GCC_WARN_UNUSED_VARIABLE = YES;
				IPHONEOS_DEPLOYMENT_TARGET = 17.0;
				LOCALIZATION_PREFERS_STRING_CATALOGS = YES;
				MTL_ENABLE_DEBUG_INFO = INCLUDE_SOURCE;
				MTL_FAST_MATH = YES;
				ONLY_ACTIVE_ARCH = YES;
				SDKROOT = iphoneos;
				SWIFT_ACTIVE_COMPILATION_CONDITIONS = "DEBUG $(inherited)";
				SWIFT_OPTIMIZATION_LEVEL = "-Onone";
			};
			name = Debug;
		};
		8E29137C2A83900F00EE9BFB /* Release */ = {
			isa = XCBuildConfiguration;
			buildSettings = {
				ALWAYS_SEARCH_USER_PATHS = NO;
				ASSETCATALOG_COMPILER_GENERATE_SWIFT_ASSET_SYMBOL_EXTENSIONS = YES;
				CLANG_ANALYZER_NONNULL = YES;
				CLANG_ANALYZER_NUMBER_OBJECT_CONVERSION = YES_AGGRESSIVE;
				CLANG_CXX_LANGUAGE_STANDARD = "gnu++20";
				CLANG_ENABLE_MODULES = YES;
				CLANG_ENABLE_OBJC_ARC = YES;
				CLANG_ENABLE_OBJC_WEAK = YES;
				CLANG_WARN_BLOCK_CAPTURE_AUTORELEASING = YES;
				CLANG_WARN_BOOL_CONVERSION = YES;
				CLANG_WARN_COMMA = YES;
				CLANG_WARN_CONSTANT_CONVERSION = YES;
				CLANG_WARN_DEPRECATED_OBJC_IMPLEMENTATIONS = YES;
				CLANG_WARN_DIRECT_OBJC_ISA_USAGE = YES_ERROR;
				CLANG_WARN_DOCUMENTATION_COMMENTS = YES;
				CLANG_WARN_EMPTY_BODY = YES;
				CLANG_WARN_ENUM_CONVERSION = YES;
				CLANG_WARN_INFINITE_RECURSION = YES;
				CLANG_WARN_INT_CONVERSION = YES;
				CLANG_WARN_NON_LITERAL_NULL_CONVERSION = YES;
				CLANG_WARN_OBJC_IMPLICIT_RETAIN_SELF = YES;
				CLANG_WARN_OBJC_LITERAL_CONVERSION = YES;
				CLANG_WARN_OBJC_ROOT_CLASS = YES_ERROR;
				CLANG_WARN_QUOTED_INCLUDE_IN_FRAMEWORK_HEADER = YES;
				CLANG_WARN_RANGE_LOOP_ANALYSIS = YES;
				CLANG_WARN_STRICT_PROTOTYPES = YES;
				CLANG_WARN_SUSPICIOUS_MOVE = YES;
				CLANG_WARN_UNGUARDED_AVAILABILITY = YES_AGGRESSIVE;
				CLANG_WARN_UNREACHABLE_CODE = YES;
				CLANG_WARN__DUPLICATE_METHOD_MATCH = YES;
				COPY_PHASE_STRIP = NO;
				DEBUG_INFORMATION_FORMAT = "dwarf-with-dsym";
				ENABLE_NS_ASSERTIONS = NO;
				ENABLE_STRICT_OBJC_MSGSEND = YES;
				ENABLE_USER_SCRIPT_SANDBOXING = YES;
				GCC_C_LANGUAGE_STANDARD = gnu17;
				GCC_NO_COMMON_BLOCKS = YES;
				GCC_WARN_64_TO_32_BIT_CONVERSION = YES;
				GCC_WARN_ABOUT_RETURN_TYPE = YES_ERROR;
				GCC_WARN_UNDECLARED_SELECTOR = YES;
				GCC_WARN_UNINITIALIZED_AUTOS = YES_AGGRESSIVE;
				GCC_WARN_UNUSED_FUNCTION = YES;
				GCC_WARN_UNUSED_VARIABLE = YES;
				IPHONEOS_DEPLOYMENT_TARGET = 17.0;
				LOCALIZATION_PREFERS_STRING_CATALOGS = YES;
				MTL_ENABLE_DEBUG_INFO = NO;
				MTL_FAST_MATH = YES;
				SDKROOT = iphoneos;
				SWIFT_COMPILATION_MODE = wholemodule;
				VALIDATE_PRODUCT = YES;
			};
			name = Release;
		};
		8E29137E2A83900F00EE9BFB /* Debug */ = {
			isa = XCBuildConfiguration;
			buildSettings = {
				ASSETCATALOG_COMPILER_APPICON_NAME = AppIcon;
				ASSETCATALOG_COMPILER_GLOBAL_ACCENT_COLOR_NAME = AccentColor;
				CODE_SIGN_STYLE = Automatic;
				CURRENT_PROJECT_VERSION = 1;
				DEVELOPMENT_TEAM = B5VTX34N46;
				GENERATE_INFOPLIST_FILE = YES;
				INFOPLIST_FILE = SmartScribble/Info.plist;
				INFOPLIST_KEY_UIApplicationSupportsIndirectInputEvents = YES;
				INFOPLIST_KEY_UILaunchStoryboardName = LaunchScreen;
				INFOPLIST_KEY_UIMainStoryboardFile = Main;
				INFOPLIST_KEY_UISupportedInterfaceOrientations_iPad = "UIInterfaceOrientationPortrait UIInterfaceOrientationPortraitUpsideDown UIInterfaceOrientationLandscapeLeft UIInterfaceOrientationLandscapeRight";
				INFOPLIST_KEY_UISupportedInterfaceOrientations_iPhone = "UIInterfaceOrientationPortrait UIInterfaceOrientationLandscapeLeft UIInterfaceOrientationLandscapeRight";
				IPHONEOS_DEPLOYMENT_TARGET = 16.4;
				LD_RUNPATH_SEARCH_PATHS = (
					"$(inherited)",
					"@executable_path/Frameworks",
				);
				MARKETING_VERSION = 1.0;
				PRODUCT_BUNDLE_IDENTIFIER = com.moritzwesemann.SmartScribble;
				PRODUCT_NAME = "$(TARGET_NAME)";
				SWIFT_EMIT_LOC_STRINGS = YES;
				SWIFT_VERSION = 5.0;
				TARGETED_DEVICE_FAMILY = "1,2";
			};
			name = Debug;
		};
		8E29137F2A83900F00EE9BFB /* Release */ = {
			isa = XCBuildConfiguration;
			buildSettings = {
				ASSETCATALOG_COMPILER_APPICON_NAME = AppIcon;
				ASSETCATALOG_COMPILER_GLOBAL_ACCENT_COLOR_NAME = AccentColor;
				CODE_SIGN_STYLE = Automatic;
				CURRENT_PROJECT_VERSION = 1;
				DEVELOPMENT_TEAM = B5VTX34N46;
				GENERATE_INFOPLIST_FILE = YES;
				INFOPLIST_FILE = SmartScribble/Info.plist;
				INFOPLIST_KEY_UIApplicationSupportsIndirectInputEvents = YES;
				INFOPLIST_KEY_UILaunchStoryboardName = LaunchScreen;
				INFOPLIST_KEY_UIMainStoryboardFile = Main;
				INFOPLIST_KEY_UISupportedInterfaceOrientations_iPad = "UIInterfaceOrientationPortrait UIInterfaceOrientationPortraitUpsideDown UIInterfaceOrientationLandscapeLeft UIInterfaceOrientationLandscapeRight";
				INFOPLIST_KEY_UISupportedInterfaceOrientations_iPhone = "UIInterfaceOrientationPortrait UIInterfaceOrientationLandscapeLeft UIInterfaceOrientationLandscapeRight";
				IPHONEOS_DEPLOYMENT_TARGET = 16.4;
				LD_RUNPATH_SEARCH_PATHS = (
					"$(inherited)",
					"@executable_path/Frameworks",
				);
				MARKETING_VERSION = 1.0;
				PRODUCT_BUNDLE_IDENTIFIER = com.moritzwesemann.SmartScribble;
				PRODUCT_NAME = "$(TARGET_NAME)";
				SWIFT_EMIT_LOC_STRINGS = YES;
				SWIFT_VERSION = 5.0;
				TARGETED_DEVICE_FAMILY = "1,2";
			};
			name = Release;
		};
/* End XCBuildConfiguration section */

/* Begin XCConfigurationList section */
		8E2913642A83900C00EE9BFB /* Build configuration list for PBXProject "SmartScribble" */ = {
			isa = XCConfigurationList;
			buildConfigurations = (
				8E29137B2A83900F00EE9BFB /* Debug */,
				8E29137C2A83900F00EE9BFB /* Release */,
			);
			defaultConfigurationIsVisible = 0;
			defaultConfigurationName = Release;
		};
		8E29137D2A83900F00EE9BFB /* Build configuration list for PBXNativeTarget "SmartScribble" */ = {
			isa = XCConfigurationList;
			buildConfigurations = (
				8E29137E2A83900F00EE9BFB /* Debug */,
				8E29137F2A83900F00EE9BFB /* Release */,
			);
			defaultConfigurationIsVisible = 0;
			defaultConfigurationName = Release;
		};
/* End XCConfigurationList section */

/* Begin XCRemoteSwiftPackageReference section */
		4397BFF92A8F97EF006BEA27 /* XCRemoteSwiftPackageReference "OpenAI" */ = {
			isa = XCRemoteSwiftPackageReference;
			repositoryURL = "https://github.com/MacPaw/OpenAI";
			requirement = {
				kind = upToNextMajorVersion;
				minimumVersion = 0.2.3;
			};
		};
/* End XCRemoteSwiftPackageReference section */

/* Begin XCSwiftPackageProductDependency section */
		4397BFFA2A8F97EF006BEA27 /* OpenAI */ = {
			isa = XCSwiftPackageProductDependency;
			package = 4397BFF92A8F97EF006BEA27 /* XCRemoteSwiftPackageReference "OpenAI" */;
			productName = OpenAI;
		};
/* End XCSwiftPackageProductDependency section */
	};
	rootObject = 8E2913612A83900C00EE9BFB /* Project object */;
}
